// !$*UTF8*$!
{
	archiveVersion = 1;
	classes = {
	};
	objectVersion = 50;
	objects = {

/* Begin PBXBuildFile section */
		3983C10B2302EB8D00B69824 /* AppDelegate.swift in Sources */ = {isa = PBXBuildFile; fileRef = 3983C10A2302EB8D00B69824 /* AppDelegate.swift */; };
		3983C10D2302EB8D00B69824 /* ViewController.swift in Sources */ = {isa = PBXBuildFile; fileRef = 3983C10C2302EB8D00B69824 /* ViewController.swift */; };
		3983C1102302EB8D00B69824 /* Main.storyboard in Resources */ = {isa = PBXBuildFile; fileRef = 3983C10E2302EB8D00B69824 /* Main.storyboard */; };
		3983C1122302EB8F00B69824 /* Assets.xcassets in Resources */ = {isa = PBXBuildFile; fileRef = 3983C1112302EB8F00B69824 /* Assets.xcassets */; };
		3983C1152302EB8F00B69824 /* LaunchScreen.storyboard in Resources */ = {isa = PBXBuildFile; fileRef = 3983C1132302EB8F00B69824 /* LaunchScreen.storyboard */; };
		3983C1202302EB9000B69824 /* ReminderTests.swift in Sources */ = {isa = PBXBuildFile; fileRef = 3983C11F2302EB9000B69824 /* ReminderTests.swift */; };
		3983C12B2302EB9000B69824 /* ReminderUITests.swift in Sources */ = {isa = PBXBuildFile; fileRef = 3983C12A2302EB9000B69824 /* ReminderUITests.swift */; };
/* End PBXBuildFile section */

/* Begin PBXContainerItemProxy section */
		3983C11C2302EB8F00B69824 /* PBXContainerItemProxy */ = {
			isa = PBXContainerItemProxy;
			containerPortal = 3983C0FF2302EB8D00B69824 /* Project object */;
			proxyType = 1;
			remoteGlobalIDString = 3983C1062302EB8D00B69824;
			remoteInfo = Reminder;
		};
		3983C1272302EB9000B69824 /* PBXContainerItemProxy */ = {
			isa = PBXContainerItemProxy;
			containerPortal = 3983C0FF2302EB8D00B69824 /* Project object */;
			proxyType = 1;
			remoteGlobalIDString = 3983C1062302EB8D00B69824;
			remoteInfo = Reminder;
		};
/* End PBXContainerItemProxy section */

/* Begin PBXFileReference section */
		3983C1072302EB8D00B69824 /* Reminder.app */ = {isa = PBXFileReference; explicitFileType = wrapper.application; includeInIndex = 0; path = Reminder.app; sourceTree = BUILT_PRODUCTS_DIR; };
		3983C10A2302EB8D00B69824 /* AppDelegate.swift */ = {isa = PBXFileReference; lastKnownFileType = sourcecode.swift; path = AppDelegate.swift; sourceTree = "<group>"; };
		3983C10C2302EB8D00B69824 /* ViewController.swift */ = {isa = PBXFileReference; lastKnownFileType = sourcecode.swift; path = ViewController.swift; sourceTree = "<group>"; };
		3983C10F2302EB8D00B69824 /* Base */ = {isa = PBXFileReference; lastKnownFileType = file.storyboard; name = Base; path = Base.lproj/Main.storyboard; sourceTree = "<group>"; };
		3983C1112302EB8F00B69824 /* Assets.xcassets */ = {isa = PBXFileReference; lastKnownFileType = folder.assetcatalog; path = Assets.xcassets; sourceTree = "<group>"; };
		3983C1142302EB8F00B69824 /* Base */ = {isa = PBXFileReference; lastKnownFileType = file.storyboard; name = Base; path = Base.lproj/LaunchScreen.storyboard; sourceTree = "<group>"; };
		3983C1162302EB8F00B69824 /* Info.plist */ = {isa = PBXFileReference; lastKnownFileType = text.plist.xml; path = Info.plist; sourceTree = "<group>"; };
		3983C11B2302EB8F00B69824 /* ReminderTests.xctest */ = {isa = PBXFileReference; explicitFileType = wrapper.cfbundle; includeInIndex = 0; path = ReminderTests.xctest; sourceTree = BUILT_PRODUCTS_DIR; };
		3983C11F2302EB9000B69824 /* ReminderTests.swift */ = {isa = PBXFileReference; lastKnownFileType = sourcecode.swift; path = ReminderTests.swift; sourceTree = "<group>"; };
		3983C1212302EB9000B69824 /* Info.plist */ = {isa = PBXFileReference; lastKnownFileType = text.plist.xml; path = Info.plist; sourceTree = "<group>"; };
		3983C1262302EB9000B69824 /* ReminderUITests.xctest */ = {isa = PBXFileReference; explicitFileType = wrapper.cfbundle; includeInIndex = 0; path = ReminderUITests.xctest; sourceTree = BUILT_PRODUCTS_DIR; };
		3983C12A2302EB9000B69824 /* ReminderUITests.swift */ = {isa = PBXFileReference; lastKnownFileType = sourcecode.swift; path = ReminderUITests.swift; sourceTree = "<group>"; };
		3983C12C2302EB9000B69824 /* Info.plist */ = {isa = PBXFileReference; lastKnownFileType = text.plist.xml; path = Info.plist; sourceTree = "<group>"; };
/* End PBXFileReference section */

/* Begin PBXFrameworksBuildPhase section */
		3983C1042302EB8D00B69824 /* Frameworks */ = {
			isa = PBXFrameworksBuildPhase;
			buildActionMask = 2147483647;
			files = (
			);
			runOnlyForDeploymentPostprocessing = 0;
		};
		3983C1182302EB8F00B69824 /* Frameworks */ = {
			isa = PBXFrameworksBuildPhase;
			buildActionMask = 2147483647;
			files = (
			);
			runOnlyForDeploymentPostprocessing = 0;
		};
		3983C1232302EB9000B69824 /* Frameworks */ = {
			isa = PBXFrameworksBuildPhase;
			buildActionMask = 2147483647;
			files = (
			);
			runOnlyForDeploymentPostprocessing = 0;
		};
/* End PBXFrameworksBuildPhase section */

/* Begin PBXGroup section */
		3983C0FE2302EB8D00B69824 = {
			isa = PBXGroup;
			children = (
				3983C1092302EB8D00B69824 /* Reminder */,
				3983C11E2302EB9000B69824 /* ReminderTests */,
				3983C1292302EB9000B69824 /* ReminderUITests */,
				3983C1082302EB8D00B69824 /* Products */,
			);
			sourceTree = "<group>";
		};
		3983C1082302EB8D00B69824 /* Products */ = {
			isa = PBXGroup;
			children = (
				3983C1072302EB8D00B69824 /* Reminder.app */,
				3983C11B2302EB8F00B69824 /* ReminderTests.xctest */,
				3983C1262302EB9000B69824 /* ReminderUITests.xctest */,
			);
			name = Products;
			sourceTree = "<group>";
		};
		3983C1092302EB8D00B69824 /* Reminder */ = {
			isa = PBXGroup;
			children = (
				3983C10A2302EB8D00B69824 /* AppDelegate.swift */,
				3983C10C2302EB8D00B69824 /* ViewController.swift */,
				3983C10E2302EB8D00B69824 /* Main.storyboard */,
				3983C1112302EB8F00B69824 /* Assets.xcassets */,
				3983C1132302EB8F00B69824 /* LaunchScreen.storyboard */,
				3983C1162302EB8F00B69824 /* Info.plist */,
			);
			path = Reminder;
			sourceTree = "<group>";
		};
		3983C11E2302EB9000B69824 /* ReminderTests */ = {
			isa = PBXGroup;
			children = (
				3983C11F2302EB9000B69824 /* ReminderTests.swift */,
				3983C1212302EB9000B69824 /* Info.plist */,
			);
			path = ReminderTests;
			sourceTree = "<group>";
		};
		3983C1292302EB9000B69824 /* ReminderUITests */ = {
			isa = PBXGroup;
			children = (
				3983C12A2302EB9000B69824 /* ReminderUITests.swift */,
				3983C12C2302EB9000B69824 /* Info.plist */,
			);
			path = ReminderUITests;
			sourceTree = "<group>";
		};
/* End PBXGroup section */

/* Begin PBXNativeTarget section */
		3983C1062302EB8D00B69824 /* Reminder */ = {
			isa = PBXNativeTarget;
			buildConfigurationList = 3983C12F2302EB9000B69824 /* Build configuration list for PBXNativeTarget "Reminder" */;
			buildPhases = (
				3983C1032302EB8D00B69824 /* Sources */,
				3983C1042302EB8D00B69824 /* Frameworks */,
				3983C1052302EB8D00B69824 /* Resources */,
			);
			buildRules = (
			);
			dependencies = (
			);
			name = Reminder;
			productName = Reminder;
			productReference = 3983C1072302EB8D00B69824 /* Reminder.app */;
			productType = "com.apple.product-type.application";
		};
		3983C11A2302EB8F00B69824 /* ReminderTests */ = {
			isa = PBXNativeTarget;
			buildConfigurationList = 3983C1322302EB9000B69824 /* Build configuration list for PBXNativeTarget "ReminderTests" */;
			buildPhases = (
				3983C1172302EB8F00B69824 /* Sources */,
				3983C1182302EB8F00B69824 /* Frameworks */,
				3983C1192302EB8F00B69824 /* Resources */,
			);
			buildRules = (
			);
			dependencies = (
				3983C11D2302EB8F00B69824 /* PBXTargetDependency */,
			);
			name = ReminderTests;
			productName = ReminderTests;
			productReference = 3983C11B2302EB8F00B69824 /* ReminderTests.xctest */;
			productType = "com.apple.product-type.bundle.unit-test";
		};
		3983C1252302EB9000B69824 /* ReminderUITests */ = {
			isa = PBXNativeTarget;
			buildConfigurationList = 3983C1352302EB9000B69824 /* Build configuration list for PBXNativeTarget "ReminderUITests" */;
			buildPhases = (
				3983C1222302EB9000B69824 /* Sources */,
				3983C1232302EB9000B69824 /* Frameworks */,
				3983C1242302EB9000B69824 /* Resources */,
			);
			buildRules = (
			);
			dependencies = (
				3983C1282302EB9000B69824 /* PBXTargetDependency */,
			);
			name = ReminderUITests;
			productName = ReminderUITests;
			productReference = 3983C1262302EB9000B69824 /* ReminderUITests.xctest */;
			productType = "com.apple.product-type.bundle.ui-testing";
		};
/* End PBXNativeTarget section */

/* Begin PBXProject section */
		3983C0FF2302EB8D00B69824 /* Project object */ = {
			isa = PBXProject;
			attributes = {
				LastSwiftUpdateCheck = 1010;
				LastUpgradeCheck = 1010;
				ORGANIZATIONNAME = Bao;
				TargetAttributes = {
					3983C1062302EB8D00B69824 = {
						CreatedOnToolsVersion = 10.1;
					};
					3983C11A2302EB8F00B69824 = {
						CreatedOnToolsVersion = 10.1;
						TestTargetID = 3983C1062302EB8D00B69824;
					};
					3983C1252302EB9000B69824 = {
						CreatedOnToolsVersion = 10.1;
						TestTargetID = 3983C1062302EB8D00B69824;
					};
				};
			};
			buildConfigurationList = 3983C1022302EB8D00B69824 /* Build configuration list for PBXProject "Reminder" */;
			compatibilityVersion = "Xcode 9.3";
			developmentRegion = en;
			hasScannedForEncodings = 0;
			knownRegions = (
				en,
				Base,
			);
			mainGroup = 3983C0FE2302EB8D00B69824;
			productRefGroup = 3983C1082302EB8D00B69824 /* Products */;
			projectDirPath = "";
			projectRoot = "";
			targets = (
				3983C1062302EB8D00B69824 /* Reminder */,
				3983C11A2302EB8F00B69824 /* ReminderTests */,
				3983C1252302EB9000B69824 /* ReminderUITests */,
			);
		};
/* End PBXProject section */

/* Begin PBXResourcesBuildPhase section */
		3983C1052302EB8D00B69824 /* Resources */ = {
			isa = PBXResourcesBuildPhase;
			buildActionMask = 2147483647;
			files = (
				3983C1152302EB8F00B69824 /* LaunchScreen.storyboard in Resources */,
				3983C1122302EB8F00B69824 /* Assets.xcassets in Resources */,
				3983C1102302EB8D00B69824 /* Main.storyboard in Resources */,
			);
			runOnlyForDeploymentPostprocessing = 0;
		};
		3983C1192302EB8F00B69824 /* Resources */ = {
			isa = PBXResourcesBuildPhase;
			buildActionMask = 2147483647;
			files = (
			);
			runOnlyForDeploymentPostprocessing = 0;
		};
		3983C1242302EB9000B69824 /* Resources */ = {
			isa = PBXResourcesBuildPhase;
			buildActionMask = 2147483647;
			files = (
			);
			runOnlyForDeploymentPostprocessing = 0;
		};
/* End PBXResourcesBuildPhase section */

/* Begin PBXSourcesBuildPhase section */
		3983C1032302EB8D00B69824 /* Sources */ = {
			isa = PBXSourcesBuildPhase;
			buildActionMask = 2147483647;
			files = (
				3983C10D2302EB8D00B69824 /* ViewController.swift in Sources */,
				3983C10B2302EB8D00B69824 /* AppDelegate.swift in Sources */,
			);
			runOnlyForDeploymentPostprocessing = 0;
		};
		3983C1172302EB8F00B69824 /* Sources */ = {
			isa = PBXSourcesBuildPhase;
			buildActionMask = 2147483647;
			files = (
				3983C1202302EB9000B69824 /* ReminderTests.swift in Sources */,
			);
			runOnlyForDeploymentPostprocessing = 0;
		};
		3983C1222302EB9000B69824 /* Sources */ = {
			isa = PBXSourcesBuildPhase;
			buildActionMask = 2147483647;
			files = (
				3983C12B2302EB9000B69824 /* ReminderUITests.swift in Sources */,
			);
			runOnlyForDeploymentPostprocessing = 0;
		};
/* End PBXSourcesBuildPhase section */

/* Begin PBXTargetDependency section */
		3983C11D2302EB8F00B69824 /* PBXTargetDependency */ = {
			isa = PBXTargetDependency;
			target = 3983C1062302EB8D00B69824 /* Reminder */;
			targetProxy = 3983C11C2302EB8F00B69824 /* PBXContainerItemProxy */;
		};
		3983C1282302EB9000B69824 /* PBXTargetDependency */ = {
			isa = PBXTargetDependency;
			target = 3983C1062302EB8D00B69824 /* Reminder */;
			targetProxy = 3983C1272302EB9000B69824 /* PBXContainerItemProxy */;
		};
/* End PBXTargetDependency section */

/* Begin PBXVariantGroup section */
		3983C10E2302EB8D00B69824 /* Main.storyboard */ = {
			isa = PBXVariantGroup;
			children = (
				3983C10F2302EB8D00B69824 /* Base */,
			);
			name = Main.storyboard;
			sourceTree = "<group>";
		};
		3983C1132302EB8F00B69824 /* LaunchScreen.storyboard */ = {
			isa = PBXVariantGroup;
			children = (
				3983C1142302EB8F00B69824 /* Base */,
			);
			name = LaunchScreen.storyboard;
			sourceTree = "<group>";
		};
/* End PBXVariantGroup section */

/* Begin XCBuildConfiguration section */
		3983C12D2302EB9000B69824 /* Debug */ = {
			isa = XCBuildConfiguration;
			buildSettings = {
				ALWAYS_SEARCH_USER_PATHS = NO;
				CLANG_ANALYZER_NONNULL = YES;
				CLANG_ANALYZER_NUMBER_OBJECT_CONVERSION = YES_AGGRESSIVE;
				CLANG_CXX_LANGUAGE_STANDARD = "gnu++14";
				CLANG_CXX_LIBRARY = "libc++";
				CLANG_ENABLE_MODULES = YES;
				CLANG_ENABLE_OBJC_ARC = YES;
				CLANG_ENABLE_OBJC_WEAK = YES;
				CLANG_WARN_BLOCK_CAPTURE_AUTORELEASING = YES;
				CLANG_WARN_BOOL_CONVERSION = YES;
				CLANG_WARN_COMMA = YES;
				CLANG_WARN_CONSTANT_CONVERSION = YES;
				CLANG_WARN_DEPRECATED_OBJC_IMPLEMENTATIONS = YES;
				CLANG_WARN_DIRECT_OBJC_ISA_USAGE = YES_ERROR;
				CLANG_WARN_DOCUMENTATION_COMMENTS = YES;
				CLANG_WARN_EMPTY_BODY = YES;
				CLANG_WARN_ENUM_CONVERSION = YES;
				CLANG_WARN_INFINITE_RECURSION = YES;
				CLANG_WARN_INT_CONVERSION = YES;
				CLANG_WARN_NON_LITERAL_NULL_CONVERSION = YES;
				CLANG_WARN_OBJC_IMPLICIT_RETAIN_SELF = YES;
				CLANG_WARN_OBJC_LITERAL_CONVERSION = YES;
				CLANG_WARN_OBJC_ROOT_CLASS = YES_ERROR;
				CLANG_WARN_RANGE_LOOP_ANALYSIS = YES;
				CLANG_WARN_STRICT_PROTOTYPES = YES;
				CLANG_WARN_SUSPICIOUS_MOVE = YES;
				CLANG_WARN_UNGUARDED_AVAILABILITY = YES_AGGRESSIVE;
				CLANG_WARN_UNREACHABLE_CODE = YES;
				CLANG_WARN__DUPLICATE_METHOD_MATCH = YES;
				CODE_SIGN_IDENTITY = "iPhone Developer";
				COPY_PHASE_STRIP = NO;
				DEBUG_INFORMATION_FORMAT = dwarf;
				ENABLE_STRICT_OBJC_MSGSEND = YES;
				ENABLE_TESTABILITY = YES;
				GCC_C_LANGUAGE_STANDARD = gnu11;
				GCC_DYNAMIC_NO_PIC = NO;
				GCC_NO_COMMON_BLOCKS = YES;
				GCC_OPTIMIZATION_LEVEL = 0;
				GCC_PREPROCESSOR_DEFINITIONS = (
					"DEBUG=1",
					"$(inherited)",
				);
				GCC_WARN_64_TO_32_BIT_CONVERSION = YES;
				GCC_WARN_ABOUT_RETURN_TYPE = YES_ERROR;
				GCC_WARN_UNDECLARED_SELECTOR = YES;
				GCC_WARN_UNINITIALIZED_AUTOS = YES_AGGRESSIVE;
				GCC_WARN_UNUSED_FUNCTION = YES;
				GCC_WARN_UNUSED_VARIABLE = YES;
				IPHONEOS_DEPLOYMENT_TARGET = 12.1;
				MTL_ENABLE_DEBUG_INFO = INCLUDE_SOURCE;
				MTL_FAST_MATH = YES;
				ONLY_ACTIVE_ARCH = YES;
				SDKROOT = iphoneos;
				SWIFT_ACTIVE_COMPILATION_CONDITIONS = DEBUG;
				SWIFT_OPTIMIZATION_LEVEL = "-Onone";
			};
			name = Debug;
		};
		3983C12E2302EB9000B69824 /* Release */ = {
			isa = XCBuildConfiguration;
			buildSettings = {
				ALWAYS_SEARCH_USER_PATHS = NO;
				CLANG_ANALYZER_NONNULL = YES;
				CLANG_ANALYZER_NUMBER_OBJECT_CONVERSION = YES_AGGRESSIVE;
				CLANG_CXX_LANGUAGE_STANDARD = "gnu++14";
				CLANG_CXX_LIBRARY = "libc++";
				CLANG_ENABLE_MODULES = YES;
				CLANG_ENABLE_OBJC_ARC = YES;
				CLANG_ENABLE_OBJC_WEAK = YES;
				CLANG_WARN_BLOCK_CAPTURE_AUTORELEASING = YES;
				CLANG_WARN_BOOL_CONVERSION = YES;
				CLANG_WARN_COMMA = YES;
				CLANG_WARN_CONSTANT_CONVERSION = YES;
				CLANG_WARN_DEPRECATED_OBJC_IMPLEMENTATIONS = YES;
				CLANG_WARN_DIRECT_OBJC_ISA_USAGE = YES_ERROR;
				CLANG_WARN_DOCUMENTATION_COMMENTS = YES;
				CLANG_WARN_EMPTY_BODY = YES;
				CLANG_WARN_ENUM_CONVERSION = YES;
				CLANG_WARN_INFINITE_RECURSION = YES;
				CLANG_WARN_INT_CONVERSION = YES;
				CLANG_WARN_NON_LITERAL_NULL_CONVERSION = YES;
				CLANG_WARN_OBJC_IMPLICIT_RETAIN_SELF = YES;
				CLANG_WARN_OBJC_LITERAL_CONVERSION = YES;
				CLANG_WARN_OBJC_ROOT_CLASS = YES_ERROR;
				CLANG_WARN_RANGE_LOOP_ANALYSIS = YES;
				CLANG_WARN_STRICT_PROTOTYPES = YES;
				CLANG_WARN_SUSPICIOUS_MOVE = YES;
				CLANG_WARN_UNGUARDED_AVAILABILITY = YES_AGGRESSIVE;
				CLANG_WARN_UNREACHABLE_CODE = YES;
				CLANG_WARN__DUPLICATE_METHOD_MATCH = YES;
				CODE_SIGN_IDENTITY = "iPhone Developer";
				COPY_PHASE_STRIP = NO;
				DEBUG_INFORMATION_FORMAT = "dwarf-with-dsym";
				ENABLE_NS_ASSERTIONS = NO;
				ENABLE_STRICT_OBJC_MSGSEND = YES;
				GCC_C_LANGUAGE_STANDARD = gnu11;
				GCC_NO_COMMON_BLOCKS = YES;
				GCC_WARN_64_TO_32_BIT_CONVERSION = YES;
				GCC_WARN_ABOUT_RETURN_TYPE = YES_ERROR;
				GCC_WARN_UNDECLARED_SELECTOR = YES;
				GCC_WARN_UNINITIALIZED_AUTOS = YES_AGGRESSIVE;
				GCC_WARN_UNUSED_FUNCTION = YES;
				GCC_WARN_UNUSED_VARIABLE = YES;
				IPHONEOS_DEPLOYMENT_TARGET = 12.1;
				MTL_ENABLE_DEBUG_INFO = NO;
				MTL_FAST_MATH = YES;
				SDKROOT = iphoneos;
				SWIFT_COMPILATION_MODE = wholemodule;
				SWIFT_OPTIMIZATION_LEVEL = "-O";
				VALIDATE_PRODUCT = YES;
			};
			name = Release;
		};
		3983C1302302EB9000B69824 /* Debug */ = {
			isa = XCBuildConfiguration;
			buildSettings = {
				ASSETCATALOG_COMPILER_APPICON_NAME = AppIcon;
				CODE_SIGN_STYLE = Automatic;
				INFOPLIST_FILE = Reminder/Info.plist;
				LD_RUNPATH_SEARCH_PATHS = (
					"$(inherited)",
					"@executable_path/Frameworks",
				);
				PRODUCT_BUNDLE_IDENTIFIER = Bao.Reminder;
				PRODUCT_NAME = "$(TARGET_NAME)";
				SWIFT_VERSION = 4.2;
				TARGETED_DEVICE_FAMILY = "1,2";
			};
			name = Debug;
		};
		3983C1312302EB9000B69824 /* Release */ = {
			isa = XCBuildConfiguration;
			buildSettings = {
				ASSETCATALOG_COMPILER_APPICON_NAME = AppIcon;
				CODE_SIGN_STYLE = Automatic;
				INFOPLIST_FILE = Reminder/Info.plist;
				LD_RUNPATH_SEARCH_PATHS = (
					"$(inherited)",
					"@executable_path/Frameworks",
				);
				PRODUCT_BUNDLE_IDENTIFIER = Bao.Reminder;
				PRODUCT_NAME = "$(TARGET_NAME)";
				SWIFT_VERSION = 4.2;
				TARGETED_DEVICE_FAMILY = "1,2";
			};
			name = Release;
		};
		3983C1332302EB9000B69824 /* Debug */ = {
			isa = XCBuildConfiguration;
			buildSettings = {
				ALWAYS_EMBED_SWIFT_STANDARD_LIBRARIES = YES;
				BUNDLE_LOADER = "$(TEST_HOST)";
				CODE_SIGN_STYLE = Automatic;
				INFOPLIST_FILE = ReminderTests/Info.plist;
				LD_RUNPATH_SEARCH_PATHS = (
					"$(inherited)",
					"@executable_path/Frameworks",
					"@loader_path/Frameworks",
				);
				PRODUCT_BUNDLE_IDENTIFIER = Bao.ReminderTests;
				PRODUCT_NAME = "$(TARGET_NAME)";
				SWIFT_VERSION = 4.2;
				TARGETED_DEVICE_FAMILY = "1,2";
				TEST_HOST = "$(BUILT_PRODUCTS_DIR)/Reminder.app/Reminder";
			};
			name = Debug;
		};
		3983C1342302EB9000B69824 /* Release */ = {
			isa = XCBuildConfiguration;
			buildSettings = {
				ALWAYS_EMBED_SWIFT_STANDARD_LIBRARIES = YES;
				BUNDLE_LOADER = "$(TEST_HOST)";
				CODE_SIGN_STYLE = Automatic;
				INFOPLIST_FILE = ReminderTests/Info.plist;
				LD_RUNPATH_SEARCH_PATHS = (
					"$(inherited)",
					"@executable_path/Frameworks",
					"@loader_path/Frameworks",
				);
				PRODUCT_BUNDLE_IDENTIFIER = Bao.ReminderTests;
				PRODUCT_NAME = "$(TARGET_NAME)";
				SWIFT_VERSION = 4.2;
				TARGETED_DEVICE_FAMILY = "1,2";
				TEST_HOST = "$(BUILT_PRODUCTS_DIR)/Reminder.app/Reminder";
			};
			name = Release;
		};
		3983C1362302EB9000B69824 /* Debug */ = {
			isa = XCBuildConfiguration;
			buildSettings = {
				ALWAYS_EMBED_SWIFT_STANDARD_LIBRARIES = YES;
				CODE_SIGN_STYLE = Automatic;
				INFOPLIST_FILE = ReminderUITests/Info.plist;
				LD_RUNPATH_SEARCH_PATHS = (
					"$(inherited)",
					"@executable_path/Frameworks",
					"@loader_path/Frameworks",
				);
				PRODUCT_BUNDLE_IDENTIFIER = Bao.ReminderUITests;
				PRODUCT_NAME = "$(TARGET_NAME)";
				SWIFT_VERSION = 4.2;
				TARGETED_DEVICE_FAMILY = "1,2";
				TEST_TARGET_NAME = Reminder;
			};
			name = Debug;
		};
		3983C1372302EB9000B69824 /* Release */ = {
			isa = XCBuildConfiguration;
			buildSettings = {
				ALWAYS_EMBED_SWIFT_STANDARD_LIBRARIES = YES;
				CODE_SIGN_STYLE = Automatic;
				INFOPLIST_FILE = ReminderUITests/Info.plist;
				LD_RUNPATH_SEARCH_PATHS = (
					"$(inherited)",
					"@executable_path/Frameworks",
					"@loader_path/Frameworks",
				);
				PRODUCT_BUNDLE_IDENTIFIER = Bao.ReminderUITests;
				PRODUCT_NAME = "$(TARGET_NAME)";
				SWIFT_VERSION = 4.2;
				TARGETED_DEVICE_FAMILY = "1,2";
				TEST_TARGET_NAME = Reminder;
			};
			name = Release;
		};
/* End XCBuildConfiguration section */

/* Begin XCConfigurationList section */
		3983C1022302EB8D00B69824 /* Build configuration list for PBXProject "Reminder" */ = {
			isa = XCConfigurationList;
			buildConfigurations = (
				3983C12D2302EB9000B69824 /* Debug */,
				3983C12E2302EB9000B69824 /* Release */,
			);
			defaultConfigurationIsVisible = 0;
			defaultConfigurationName = Release;
		};
		3983C12F2302EB9000B69824 /* Build configuration list for PBXNativeTarget "Reminder" */ = {
			isa = XCConfigurationList;
			buildConfigurations = (
				3983C1302302EB9000B69824 /* Debug */,
				3983C1312302EB9000B69824 /* Release */,
			);
			defaultConfigurationIsVisible = 0;
			defaultConfigurationName = Release;
		};
		3983C1322302EB9000B69824 /* Build configuration list for PBXNativeTarget "ReminderTests" */ = {
			isa = XCConfigurationList;
			buildConfigurations = (
				3983C1332302EB9000B69824 /* Debug */,
				3983C1342302EB9000B69824 /* Release */,
			);
			defaultConfigurationIsVisible = 0;
			defaultConfigurationName = Release;
		};
		3983C1352302EB9000B69824 /* Build configuration list for PBXNativeTarget "ReminderUITests" */ = {
			isa = XCConfigurationList;
			buildConfigurations = (
				3983C1362302EB9000B69824 /* Debug */,
				3983C1372302EB9000B69824 /* Release */,
			);
			defaultConfigurationIsVisible = 0;
			defaultConfigurationName = Release;
		};
/* End XCConfigurationList section */
	};
	rootObject = 3983C0FF2302EB8D00B69824 /* Project object */;
}
